github.com/elliotchance/phpserialize v1.4.0 h1:cAp/9+KSnEbUC8oYCE32n2n84BeW8HOY3HMDI8hG2OY=
github.com/elliotchance/phpserialize v1.4.0/go.mod h1:gt7XX9+ETUcLXbtTKEuyrqW3lcLUAeS/AnGZ2e49TZs=
github.com/mostlygeek/arp v0.0.0-20170424181311-541a2129847a h1:AfneHvfmYgUIcgdUrrDFklLdEzQAvG9AKRTe1x1mx/0=
github.com/mostlygeek/arp v0.0.0-20170424181311-541a2129847a/go.mod h1:jZxafo9CAqaKFQE4zitrg5QNlA6CXUsjwXPlIppF3tk=
